
Microsoft Visual Studio Solution File, Format Version 12.00
Project("{2150E333-8FDC-42A3-9474-1A3956D46DE8}") = "Solution Items", "Solution Items", "{EF671267-C48B-40F6-A2DA-48CE1654496E}"
	ProjectSection(SolutionItems) = preProject
		compose.yaml = compose.yaml
	EndProjectSection
EndProject
Project("{2150E333-8FDC-42A3-9474-1A3956D46DE8}") = "BuildingBlocks", "BuildingBlocks", "{AF920622-ED6A-4F6F-8587-E4A66A62592A}"
EndProject
Project("{2150E333-8FDC-42A3-9474-1A3956D46DE8}") = "Services", "Services", "{D5712DA1-9C10-4240-A82F-F197DBB29572}"
EndProject
Project("{2150E333-8FDC-42A3-9474-1A3956D46DE8}") = "Billing", "Billing", "{52D6EE72-004F-4428-A26F-A4B6E329D10E}"
EndProject
Project("{2150E333-8FDC-42A3-9474-1A3956D46DE8}") = "Workers", "Workers", "{9D618A7D-02EA-4489-8790-EC55C798F557}"
EndProject
Project("{FAE04EC0-301F-11D3-BF4B-00C04F79EFBC}") = "Billing.API", "src\backend\src\Services\Billing.API\Billing.API.csproj", "{DF90E540-2527-4F9C-84ED-A85592E13CE7}"
EndProject
Project("{FAE04EC0-301F-11D3-BF4B-00C04F79EFBC}") = "Billing.Application", "src\backend\src\Services\Billing.Application\Billing.Application.csproj", "{C84022D1-276D-452F-A6BE-D064A19A4CD1}"
EndProject
Project("{FAE04EC0-301F-11D3-BF4B-00C04F79EFBC}") = "Billing.Domain", "src\backend\src\Services\Billing.Domain\Billing.Domain.csproj", "{F832A047-2E22-49AE-B985-A065BB12687B}"
EndProject
Project("{FAE04EC0-301F-11D3-BF4B-00C04F79EFBC}") = "Billing.Infrastructure", "src\backend\src\Services\Billing.Infrastructure\Billing.Infrastructure.csproj", "{97A4FA08-14E6-4F3E-AB2E-9F5AEF07AAAB}"
EndProject
Project("{FAE04EC0-301F-11D3-BF4B-00C04F79EFBC}") = "BuildingBlocks", "src\backend\src\shared\BuildingBlocks\BuildingBlocks.csproj", "{A4EEA0E4-E0C0-4C58-B069-CFD0A75D07A6}"
EndProject
Project("{FAE04EC0-301F-11D3-BF4B-00C04F79EFBC}") = "BuildingBlocks.Logging", "src\backend\src\shared\BuildingBlocks.Logging\BuildingBlocks.Logging.csproj", "{4A4998ED-3C9E-4FF8-852F-8CAA8A6AD886}"
EndProject
Project("{FAE04EC0-301F-11D3-BF4B-00C04F79EFBC}") = "BuildingBlocks.Messaging", "src\backend\src\shared\BuildingBlocks.Messaging\BuildingBlocks.Messaging.csproj", "{34AE81CB-F4D7-4152-9D0E-AE3F9D7D671D}"
EndProject
Project("{FAE04EC0-301F-11D3-BF4B-00C04F79EFBC}") = "Integration.Services", "src\backend\src\Workers\Integration.Services\Integration.Services.csproj", "{E8B66EA2-5B62-4A29-A1E6-F0CB899A3DA0}"
EndProject
Project("{FAE04EC0-301F-11D3-BF4B-00C04F79EFBC}") = "BuildingBlocks.Discovery", "src\backend\src\shared\BuildingBlocks.Discovery\BuildingBlocks.Discovery.csproj", "{DF3FCBEC-8199-4F5D-ABDE-6E96D0CF7129}"
EndProject
Project("{2150E333-8FDC-42A3-9474-1A3956D46DE8}") = "ApiGateways", "ApiGateways", "{3DBDADBB-F8F3-4B6B-B7DA-FFC912A74876}"
EndProject
Project("{FAE04EC0-301F-11D3-BF4B-00C04F79EFBC}") = "YarpApiGateway", "src\backend\src\ApiGateways\YarpApiGateway\YarpApiGateway.csproj", "{9AFB6685-61CC-433F-AD09-977C12A850F4}"
EndProject
Global
	GlobalSection(SolutionConfigurationPlatforms) = preSolution
		Debug|Any CPU = Debug|Any CPU
		Release|Any CPU = Release|Any CPU
	EndGlobalSection
	GlobalSection(ProjectConfigurationPlatforms) = postSolution
		{DF90E540-2527-4F9C-84ED-A85592E13CE7}.Debug|Any CPU.ActiveCfg = Debug|Any CPU
		{DF90E540-2527-4F9C-84ED-A85592E13CE7}.Debug|Any CPU.Build.0 = Debug|Any CPU
		{DF90E540-2527-4F9C-84ED-A85592E13CE7}.Release|Any CPU.ActiveCfg = Release|Any CPU
		{DF90E540-2527-4F9C-84ED-A85592E13CE7}.Release|Any CPU.Build.0 = Release|Any CPU
		{C84022D1-276D-452F-A6BE-D064A19A4CD1}.Debug|Any CPU.ActiveCfg = Debug|Any CPU
		{C84022D1-276D-452F-A6BE-D064A19A4CD1}.Debug|Any CPU.Build.0 = Debug|Any CPU
		{C84022D1-276D-452F-A6BE-D064A19A4CD1}.Release|Any CPU.ActiveCfg = Release|Any CPU
		{C84022D1-276D-452F-A6BE-D064A19A4CD1}.Release|Any CPU.Build.0 = Release|Any CPU
		{F832A047-2E22-49AE-B985-A065BB12687B}.Debug|Any CPU.ActiveCfg = Debug|Any CPU
		{F832A047-2E22-49AE-B985-A065BB12687B}.Debug|Any CPU.Build.0 = Debug|Any CPU
		{F832A047-2E22-49AE-B985-A065BB12687B}.Release|Any CPU.ActiveCfg = Release|Any CPU
		{F832A047-2E22-49AE-B985-A065BB12687B}.Release|Any CPU.Build.0 = Release|Any CPU
		{97A4FA08-14E6-4F3E-AB2E-9F5AEF07AAAB}.Debug|Any CPU.ActiveCfg = Debug|Any CPU
		{97A4FA08-14E6-4F3E-AB2E-9F5AEF07AAAB}.Debug|Any CPU.Build.0 = Debug|Any CPU
		{97A4FA08-14E6-4F3E-AB2E-9F5AEF07AAAB}.Release|Any CPU.ActiveCfg = Release|Any CPU
		{97A4FA08-14E6-4F3E-AB2E-9F5AEF07AAAB}.Release|Any CPU.Build.0 = Release|Any CPU
		{A4EEA0E4-E0C0-4C58-B069-CFD0A75D07A6}.Debug|Any CPU.ActiveCfg = Debug|Any CPU
		{A4EEA0E4-E0C0-4C58-B069-CFD0A75D07A6}.Debug|Any CPU.Build.0 = Debug|Any CPU
		{A4EEA0E4-E0C0-4C58-B069-CFD0A75D07A6}.Release|Any CPU.ActiveCfg = Release|Any CPU
		{A4EEA0E4-E0C0-4C58-B069-CFD0A75D07A6}.Release|Any CPU.Build.0 = Release|Any CPU
		{4A4998ED-3C9E-4FF8-852F-8CAA8A6AD886}.Debug|Any CPU.ActiveCfg = Debug|Any CPU
		{4A4998ED-3C9E-4FF8-852F-8CAA8A6AD886}.Debug|Any CPU.Build.0 = Debug|Any CPU
		{4A4998ED-3C9E-4FF8-852F-8CAA8A6AD886}.Release|Any CPU.ActiveCfg = Release|Any CPU
		{4A4998ED-3C9E-4FF8-852F-8CAA8A6AD886}.Release|Any CPU.Build.0 = Release|Any CPU
		{34AE81CB-F4D7-4152-9D0E-AE3F9D7D671D}.Debug|Any CPU.ActiveCfg = Debug|Any CPU
		{34AE81CB-F4D7-4152-9D0E-AE3F9D7D671D}.Debug|Any CPU.Build.0 = Debug|Any CPU
		{34AE81CB-F4D7-4152-9D0E-AE3F9D7D671D}.Release|Any CPU.ActiveCfg = Release|Any CPU
		{34AE81CB-F4D7-4152-9D0E-AE3F9D7D671D}.Release|Any CPU.Build.0 = Release|Any CPU
		{E8B66EA2-5B62-4A29-A1E6-F0CB899A3DA0}.Debug|Any CPU.ActiveCfg = Debug|Any CPU
		{E8B66EA2-5B62-4A29-A1E6-F0CB899A3DA0}.Debug|Any CPU.Build.0 = Debug|Any CPU
		{E8B66EA2-5B62-4A29-A1E6-F0CB899A3DA0}.Release|Any CPU.ActiveCfg = Release|Any CPU
		{E8B66EA2-5B62-4A29-A1E6-F0CB899A3DA0}.Release|Any CPU.Build.0 = Release|Any CPU
		{DF3FCBEC-8199-4F5D-ABDE-6E96D0CF7129}.Debug|Any CPU.ActiveCfg = Debug|Any CPU
		{DF3FCBEC-8199-4F5D-ABDE-6E96D0CF7129}.Debug|Any CPU.Build.0 = Debug|Any CPU
		{DF3FCBEC-8199-4F5D-ABDE-6E96D0CF7129}.Release|Any CPU.ActiveCfg = Release|Any CPU
		{DF3FCBEC-8199-4F5D-ABDE-6E96D0CF7129}.Release|Any CPU.Build.0 = Release|Any CPU
		{9AFB6685-61CC-433F-AD09-977C12A850F4}.Debug|Any CPU.ActiveCfg = Debug|Any CPU
		{9AFB6685-61CC-433F-AD09-977C12A850F4}.Debug|Any CPU.Build.0 = Debug|Any CPU
		{9AFB6685-61CC-433F-AD09-977C12A850F4}.Release|Any CPU.ActiveCfg = Release|Any CPU
		{9AFB6685-61CC-433F-AD09-977C12A850F4}.Release|Any CPU.Build.0 = Release|Any CPU
	EndGlobalSection
	GlobalSection(NestedProjects) = preSolution
		{52D6EE72-004F-4428-A26F-A4B6E329D10E} = {D5712DA1-9C10-4240-A82F-F197DBB29572}
		{DF90E540-2527-4F9C-84ED-A85592E13CE7} = {52D6EE72-004F-4428-A26F-A4B6E329D10E}
		{C84022D1-276D-452F-A6BE-D064A19A4CD1} = {52D6EE72-004F-4428-A26F-A4B6E329D10E}
		{F832A047-2E22-49AE-B985-A065BB12687B} = {52D6EE72-004F-4428-A26F-A4B6E329D10E}
		{97A4FA08-14E6-4F3E-AB2E-9F5AEF07AAAB} = {52D6EE72-004F-4428-A26F-A4B6E329D10E}
		{A4EEA0E4-E0C0-4C58-B069-CFD0A75D07A6} = {AF920622-ED6A-4F6F-8587-E4A66A62592A}
		{4A4998ED-3C9E-4FF8-852F-8CAA8A6AD886} = {AF920622-ED6A-4F6F-8587-E4A66A62592A}
		{34AE81CB-F4D7-4152-9D0E-AE3F9D7D671D} = {AF920622-ED6A-4F6F-8587-E4A66A62592A}
		{E8B66EA2-5B62-4A29-A1E6-F0CB899A3DA0} = {9D618A7D-02EA-4489-8790-EC55C798F557}
		{DF3FCBEC-8199-4F5D-ABDE-6E96D0CF7129} = {AF920622-ED6A-4F6F-8587-E4A66A62592A}
		{9AFB6685-61CC-433F-AD09-977C12A850F4} = {3DBDADBB-F8F3-4B6B-B7DA-FFC912A74876}
	EndGlobalSection
EndGlobal
